
Microsoft Visual Studio Solution File, Format Version 12.00
# Visual Studio Version 17
VisualStudioVersion = 17.1.32421.90
MinimumVisualStudioVersion = 10.0.40219.1
Project("{FAE04EC0-301F-11D3-BF4B-00C04F79EFBC}") = "AniChat", "AniChat\AniChat.csproj", "{243A9A15-6A2A-4C1B-BE39-6A66A80F62FB}"
EndProject
Project("{FAE04EC0-301F-11D3-BF4B-00C04F79EFBC}") = "wcf_service", "wcf_service\wcf_service.csproj", "{BE132787-6074-4D35-BDA1-BF34225F9DD2}"
EndProject
Project("{FAE04EC0-301F-11D3-BF4B-00C04F79EFBC}") = "AniHost", "AniHost\AniHost.csproj", "{FD035628-6E5E-4522-B64E-ACB377D0A7CB}"
EndProject
Global
	GlobalSection(SolutionConfigurationPlatforms) = preSolution
		Debug|Any CPU = Debug|Any CPU
		Release|Any CPU = Release|Any CPU
	EndGlobalSection
	GlobalSection(ProjectConfigurationPlatforms) = postSolution
		{243A9A15-6A2A-4C1B-BE39-6A66A80F62FB}.Debug|Any CPU.ActiveCfg = Debug|Any CPU
		{243A9A15-6A2A-4C1B-BE39-6A66A80F62FB}.Debug|Any CPU.Build.0 = Debug|Any CPU
		{243A9A15-6A2A-4C1B-BE39-6A66A80F62FB}.Release|Any CPU.ActiveCfg = Release|Any CPU
		{243A9A15-6A2A-4C1B-BE39-6A66A80F62FB}.Release|Any CPU.Build.0 = Release|Any CPU
		{BE132787-6074-4D35-BDA1-BF34225F9DD2}.Debug|Any CPU.ActiveCfg = Debug|Any CPU
		{BE132787-6074-4D35-BDA1-BF34225F9DD2}.Debug|Any CPU.Build.0 = Debug|Any CPU
		{BE132787-6074-4D35-BDA1-BF34225F9DD2}.Release|Any CPU.ActiveCfg = Release|Any CPU
		{BE132787-6074-4D35-BDA1-BF34225F9DD2}.Release|Any CPU.Build.0 = Release|Any CPU
		{FD035628-6E5E-4522-B64E-ACB377D0A7CB}.Debug|Any CPU.ActiveCfg = Debug|Any CPU
		{FD035628-6E5E-4522-B64E-ACB377D0A7CB}.Debug|Any CPU.Build.0 = Debug|Any CPU
		{FD035628-6E5E-4522-B64E-ACB377D0A7CB}.Release|Any CPU.ActiveCfg = Release|Any CPU
		{FD035628-6E5E-4522-B64E-ACB377D0A7CB}.Release|Any CPU.Build.0 = Release|Any CPU
	EndGlobalSection
	GlobalSection(SolutionProperties) = preSolution
		HideSolutionNode = FALSE
	EndGlobalSection
	GlobalSection(ExtensibilityGlobals) = postSolution
		SolutionGuid = {478FAB14-06E8-4ED1-A03C-CAC7E0D49B53}
	EndGlobalSection
EndGlobal
